
Microsoft Visual Studio Solution File, Format Version 12.00
# Visual Studio 15
VisualStudioVersion = 15.0.26730.12
MinimumVisualStudioVersion = 10.0.40219.1
Project("{FAE04EC0-301F-11D3-BF4B-00C04F79EFBC}") = "PSReadLine", "PSReadLine.csproj", "{615788CB-1B9A-4B34-97B3-4608686E59CA}"
EndProject
Project("{FAE04EC0-301F-11D3-BF4B-00C04F79EFBC}") = "MockPSConsole", "..\MockPSConsole\MockPSConsole.csproj", "{08218B1A-8B85-4722-9E3F-4D6C0BF58AD8}"
EndProject
Project("{FAE04EC0-301F-11D3-BF4B-00C04F79EFBC}") = "PSReadLine.Tests", "..\test\PSReadLine.Tests.csproj", "{8ED51D01-158C-4B29-824A-35B9B861E45A}"
EndProject
Global
	GlobalSection(SolutionConfigurationPlatforms) = preSolution
		CodeCoverage|Any CPU = CodeCoverage|Any CPU
		Debug|Any CPU = Debug|Any CPU
		Linux|Any CPU = Linux|Any CPU
		Release|Any CPU = Release|Any CPU
	EndGlobalSection
	GlobalSection(ProjectConfigurationPlatforms) = postSolution
		{615788CB-1B9A-4B34-97B3-4608686E59CA}.CodeCoverage|Any CPU.ActiveCfg = Release|Any CPU
		{615788CB-1B9A-4B34-97B3-4608686E59CA}.CodeCoverage|Any CPU.Build.0 = Release|Any CPU
		{615788CB-1B9A-4B34-97B3-4608686E59CA}.Debug|Any CPU.ActiveCfg = Debug|Any CPU
		{615788CB-1B9A-4B34-97B3-4608686E59CA}.Debug|Any CPU.Build.0 = Debug|Any CPU
		{615788CB-1B9A-4B34-97B3-4608686E59CA}.Linux|Any CPU.ActiveCfg = Release|Any CPU
		{615788CB-1B9A-4B34-97B3-4608686E59CA}.Linux|Any CPU.Build.0 = Release|Any CPU
		{615788CB-1B9A-4B34-97B3-4608686E59CA}.Release|Any CPU.ActiveCfg = Release|Any CPU
		{615788CB-1B9A-4B34-97B3-4608686E59CA}.Release|Any CPU.Build.0 = Release|Any CPU
		{08218B1A-8B85-4722-9E3F-4D6C0BF58AD8}.CodeCoverage|Any CPU.ActiveCfg = Release|Any CPU
		{08218B1A-8B85-4722-9E3F-4D6C0BF58AD8}.CodeCoverage|Any CPU.Build.0 = Release|Any CPU
		{08218B1A-8B85-4722-9E3F-4D6C0BF58AD8}.Debug|Any CPU.ActiveCfg = Debug|Any CPU
		{08218B1A-8B85-4722-9E3F-4D6C0BF58AD8}.Debug|Any CPU.Build.0 = Debug|Any CPU
		{08218B1A-8B85-4722-9E3F-4D6C0BF58AD8}.Linux|Any CPU.ActiveCfg = Release|Any CPU
		{08218B1A-8B85-4722-9E3F-4D6C0BF58AD8}.Linux|Any CPU.Build.0 = Release|Any CPU
		{08218B1A-8B85-4722-9E3F-4D6C0BF58AD8}.Release|Any CPU.ActiveCfg = Release|Any CPU
		{08218B1A-8B85-4722-9E3F-4D6C0BF58AD8}.Release|Any CPU.Build.0 = Release|Any CPU
		{8ED51D01-158C-4B29-824A-35B9B861E45A}.CodeCoverage|Any CPU.ActiveCfg = Release|Any CPU
		{8ED51D01-158C-4B29-824A-35B9B861E45A}.CodeCoverage|Any CPU.Build.0 = Release|Any CPU
		{8ED51D01-158C-4B29-824A-35B9B861E45A}.Debug|Any CPU.ActiveCfg = Debug|Any CPU
		{8ED51D01-158C-4B29-824A-35B9B861E45A}.Debug|Any CPU.Build.0 = Debug|Any CPU
		{8ED51D01-158C-4B29-824A-35B9B861E45A}.Linux|Any CPU.ActiveCfg = Release|Any CPU
		{8ED51D01-158C-4B29-824A-35B9B861E45A}.Linux|Any CPU.Build.0 = Release|Any CPU
		{8ED51D01-158C-4B29-824A-35B9B861E45A}.Release|Any CPU.ActiveCfg = Release|Any CPU
		{8ED51D01-158C-4B29-824A-35B9B861E45A}.Release|Any CPU.Build.0 = Release|Any CPU
	EndGlobalSection
	GlobalSection(SolutionProperties) = preSolution
		HideSolutionNode = FALSE
	EndGlobalSection
	GlobalSection(ExtensibilityGlobals) = postSolution
		SolutionGuid = {EA13C704-483F-4CE4-A3FB-8F79295F1071}
	EndGlobalSection
EndGlobal
